// !$*UTF8*$!
{
	archiveVersion = 1;
	classes = {
	};
	objectVersion = 46;
	objects = {

/* Begin PBXBuildFile section */
		BB1CCC5F1C2480AC00186891 /* AppDelegate.swift in Sources */ = {isa = PBXBuildFile; fileRef = BB1CCC5E1C2480AC00186891 /* AppDelegate.swift */; };
		BB1CCC611C2480AC00186891 /* Assets.xcassets in Resources */ = {isa = PBXBuildFile; fileRef = BB1CCC601C2480AC00186891 /* Assets.xcassets */; };
		BB1CCC641C2480AC00186891 /* MainMenu.xib in Resources */ = {isa = PBXBuildFile; fileRef = BB1CCC621C2480AC00186891 /* MainMenu.xib */; };
		BB76DA111C5572FD006074D2 /* myo.framework in Frameworks */ = {isa = PBXBuildFile; fileRef = BB76DA101C5572FD006074D2 /* myo.framework */; };
/* End PBXBuildFile section */

/* Begin PBXFileReference section */
		BB1CCC5B1C2480AC00186891 /* Myo Reader.app */ = {isa = PBXFileReference; explicitFileType = wrapper.application; includeInIndex = 0; path = "Myo Reader.app"; sourceTree = BUILT_PRODUCTS_DIR; };
		BB1CCC5E1C2480AC00186891 /* AppDelegate.swift */ = {isa = PBXFileReference; lastKnownFileType = sourcecode.swift; path = AppDelegate.swift; sourceTree = "<group>"; };
		BB1CCC601C2480AC00186891 /* Assets.xcassets */ = {isa = PBXFileReference; lastKnownFileType = folder.assetcatalog; path = Assets.xcassets; sourceTree = "<group>"; };
		BB1CCC631C2480AC00186891 /* Base */ = {isa = PBXFileReference; lastKnownFileType = file.xib; name = Base; path = Base.lproj/MainMenu.xib; sourceTree = "<group>"; };
		BB1CCC651C2480AC00186891 /* Info.plist */ = {isa = PBXFileReference; lastKnownFileType = text.plist.xml; path = Info.plist; sourceTree = "<group>"; };
		BB76DA101C5572FD006074D2 /* myo.framework */ = {isa = PBXFileReference; lastKnownFileType = wrapper.framework; name = myo.framework; path = ../sdk/myo.framework; sourceTree = "<group>"; };
		BBF01E291C540648008B86AD /* Myo-Reader-Bridging-Header.h */ = {isa = PBXFileReference; lastKnownFileType = sourcecode.c.h; path = "Myo-Reader-Bridging-Header.h"; sourceTree = "<group>"; };
/* End PBXFileReference section */

/* Begin PBXFrameworksBuildPhase section */
		BB1CCC581C2480AC00186891 /* Frameworks */ = {
			isa = PBXFrameworksBuildPhase;
			buildActionMask = 2147483647;
			files = (
				BB76DA111C5572FD006074D2 /* myo.framework in Frameworks */,
			);
			runOnlyForDeploymentPostprocessing = 0;
		};
/* End PBXFrameworksBuildPhase section */

/* Begin PBXGroup section */
		BB1CCC521C2480AC00186891 = {
			isa = PBXGroup;
			children = (
				BB76DA101C5572FD006074D2 /* myo.framework */,
				BB1CCC5D1C2480AC00186891 /* Myo Reader */,
				BB1CCC5C1C2480AC00186891 /* Products */,
			);
			sourceTree = "<group>";
		};
		BB1CCC5C1C2480AC00186891 /* Products */ = {
			isa = PBXGroup;
			children = (
				BB1CCC5B1C2480AC00186891 /* Myo Reader.app */,
			);
			name = Products;
			sourceTree = "<group>";
		};
		BB1CCC5D1C2480AC00186891 /* Myo Reader */ = {
			isa = PBXGroup;
			children = (
				BB1CCC5E1C2480AC00186891 /* AppDelegate.swift */,
				BB1CCC601C2480AC00186891 /* Assets.xcassets */,
				BB1CCC621C2480AC00186891 /* MainMenu.xib */,
				BB1CCC651C2480AC00186891 /* Info.plist */,
				BBF01E291C540648008B86AD /* Myo-Reader-Bridging-Header.h */,
			);
			path = "Myo Reader";
			sourceTree = "<group>";
		};
/* End PBXGroup section */

/* Begin PBXNativeTarget section */
		BB1CCC5A1C2480AC00186891 /* Myo Reader */ = {
			isa = PBXNativeTarget;
			buildConfigurationList = BB1CCC681C2480AC00186891 /* Build configuration list for PBXNativeTarget "Myo Reader" */;
			buildPhases = (
				BB1CCC571C2480AC00186891 /* Sources */,
				BB1CCC581C2480AC00186891 /* Frameworks */,
				BB1CCC591C2480AC00186891 /* Resources */,
			);
			buildRules = (
			);
			dependencies = (
			);
			name = "Myo Reader";
			productName = "Myo Reader";
			productReference = BB1CCC5B1C2480AC00186891 /* Myo Reader.app */;
			productType = "com.apple.product-type.application";
		};
/* End PBXNativeTarget section */

/* Begin PBXProject section */
		BB1CCC531C2480AC00186891 /* Project object */ = {
			isa = PBXProject;
			attributes = {
				LastSwiftUpdateCheck = 0720;
				LastUpgradeCheck = 0720;
				ORGANIZATIONNAME = "Sam Hastings";
				TargetAttributes = {
					BB1CCC5A1C2480AC00186891 = {
						CreatedOnToolsVersion = 7.2;
					};
				};
			};
			buildConfigurationList = BB1CCC561C2480AC00186891 /* Build configuration list for PBXProject "Myo Reader" */;
			compatibilityVersion = "Xcode 3.2";
			developmentRegion = English;
			hasScannedForEncodings = 0;
			knownRegions = (
				en,
				Base,
			);
			mainGroup = BB1CCC521C2480AC00186891;
			productRefGroup = BB1CCC5C1C2480AC00186891 /* Products */;
			projectDirPath = "";
			projectRoot = "";
			targets = (
				BB1CCC5A1C2480AC00186891 /* Myo Reader */,
			);
		};
/* End PBXProject section */

/* Begin PBXResourcesBuildPhase section */
		BB1CCC591C2480AC00186891 /* Resources */ = {
			isa = PBXResourcesBuildPhase;
			buildActionMask = 2147483647;
			files = (
				BB1CCC611C2480AC00186891 /* Assets.xcassets in Resources */,
				BB1CCC641C2480AC00186891 /* MainMenu.xib in Resources */,
			);
			runOnlyForDeploymentPostprocessing = 0;
		};
/* End PBXResourcesBuildPhase section */

/* Begin PBXSourcesBuildPhase section */
		BB1CCC571C2480AC00186891 /* Sources */ = {
			isa = PBXSourcesBuildPhase;
			buildActionMask = 2147483647;
			files = (
				BB1CCC5F1C2480AC00186891 /* AppDelegate.swift in Sources */,
			);
			runOnlyForDeploymentPostprocessing = 0;
		};
/* End PBXSourcesBuildPhase section */

/* Begin PBXVariantGroup section */
		BB1CCC621C2480AC00186891 /* MainMenu.xib */ = {
			isa = PBXVariantGroup;
			children = (
				BB1CCC631C2480AC00186891 /* Base */,
			);
			name = MainMenu.xib;
			sourceTree = "<group>";
		};
/* End PBXVariantGroup section */

/* Begin XCBuildConfiguration section */
		BB1CCC661C2480AC00186891 /* Debug */ = {
			isa = XCBuildConfiguration;
			buildSettings = {
				ALWAYS_SEARCH_USER_PATHS = NO;
				CLANG_CXX_LANGUAGE_STANDARD = "gnu++0x";
				CLANG_CXX_LIBRARY = "libc++";
				CLANG_ENABLE_MODULES = YES;
				CLANG_ENABLE_OBJC_ARC = YES;
				CLANG_WARN_BOOL_CONVERSION = YES;
				CLANG_WARN_CONSTANT_CONVERSION = YES;
				CLANG_WARN_DIRECT_OBJC_ISA_USAGE = YES_ERROR;
				CLANG_WARN_EMPTY_BODY = YES;
				CLANG_WARN_ENUM_CONVERSION = YES;
				CLANG_WARN_INT_CONVERSION = YES;
				CLANG_WARN_OBJC_ROOT_CLASS = YES_ERROR;
				CLANG_WARN_UNREACHABLE_CODE = YES;
				CLANG_WARN__DUPLICATE_METHOD_MATCH = YES;
				CODE_SIGN_IDENTITY = "-";
				COPY_PHASE_STRIP = NO;
				DEBUG_INFORMATION_FORMAT = dwarf;
				ENABLE_STRICT_OBJC_MSGSEND = YES;
				ENABLE_TESTABILITY = YES;
				GCC_C_LANGUAGE_STANDARD = gnu99;
				GCC_DYNAMIC_NO_PIC = NO;
				GCC_NO_COMMON_BLOCKS = YES;
				GCC_OPTIMIZATION_LEVEL = 0;
				GCC_PREPROCESSOR_DEFINITIONS = (
					"DEBUG=1",
					"$(inherited)",
				);
				GCC_WARN_64_TO_32_BIT_CONVERSION = YES;
				GCC_WARN_ABOUT_RETURN_TYPE = YES_ERROR;
				GCC_WARN_UNDECLARED_SELECTOR = YES;
				GCC_WARN_UNINITIALIZED_AUTOS = YES_AGGRESSIVE;
				GCC_WARN_UNUSED_FUNCTION = YES;
				GCC_WARN_UNUSED_VARIABLE = YES;
				MACOSX_DEPLOYMENT_TARGET = 10.11;
				MTL_ENABLE_DEBUG_INFO = YES;
				ONLY_ACTIVE_ARCH = YES;
				SDKROOT = macosx;
				SWIFT_OPTIMIZATION_LEVEL = "-Onone";
			};
			name = Debug;
		};
		BB1CCC671C2480AC00186891 /* Release */ = {
			isa = XCBuildConfiguration;
			buildSettings = {
				ALWAYS_SEARCH_USER_PATHS = NO;
				CLANG_CXX_LANGUAGE_STANDARD = "gnu++0x";
				CLANG_CXX_LIBRARY = "libc++";
				CLANG_ENABLE_MODULES = YES;
				CLANG_ENABLE_OBJC_ARC = YES;
				CLANG_WARN_BOOL_CONVERSION = YES;
				CLANG_WARN_CONSTANT_CONVERSION = YES;
				CLANG_WARN_DIRECT_OBJC_ISA_USAGE = YES_ERROR;
				CLANG_WARN_EMPTY_BODY = YES;
				CLANG_WARN_ENUM_CONVERSION = YES;
				CLANG_WARN_INT_CONVERSION = YES;
				CLANG_WARN_OBJC_ROOT_CLASS = YES_ERROR;
				CLANG_WARN_UNREACHABLE_CODE = YES;
				CLANG_WARN__DUPLICATE_METHOD_MATCH = YES;
				CODE_SIGN_IDENTITY = "-";
				COPY_PHASE_STRIP = NO;
				DEBUG_INFORMATION_FORMAT = "dwarf-with-dsym";
				ENABLE_NS_ASSERTIONS = NO;
				ENABLE_STRICT_OBJC_MSGSEND = YES;
				GCC_C_LANGUAGE_STANDARD = gnu99;
				GCC_NO_COMMON_BLOCKS = YES;
				GCC_WARN_64_TO_32_BIT_CONVERSION = YES;
				GCC_WARN_ABOUT_RETURN_TYPE = YES_ERROR;
				GCC_WARN_UNDECLARED_SELECTOR = YES;
				GCC_WARN_UNINITIALIZED_AUTOS = YES_AGGRESSIVE;
				GCC_WARN_UNUSED_FUNCTION = YES;
				GCC_WARN_UNUSED_VARIABLE = YES;
				MACOSX_DEPLOYMENT_TARGET = 10.11;
				MTL_ENABLE_DEBUG_INFO = NO;
				SDKROOT = macosx;
			};
			name = Release;
		};
		BB1CCC691C2480AC00186891 /* Debug */ = {
			isa = XCBuildConfiguration;
			buildSettings = {
				ASSETCATALOG_COMPILER_APPICON_NAME = AppIcon;
				COMBINE_HIDPI_IMAGES = YES;
				DEFINES_MODULE = YES;
				FRAMEWORK_SEARCH_PATHS = (
					"$(inherited)",
					"$(PROJECT_DIR)/Myo",
					Reader/Frameworks,
				);
				INFOPLIST_FILE = "Myo Reader/Info.plist";
				LD_RUNPATH_SEARCH_PATHS = "$(inherited) @executable_path/../Frameworks";
				PRODUCT_BUNDLE_IDENTIFIER = "com.samuelhastings.Myo-Reader";
				PRODUCT_NAME = "$(TARGET_NAME)";
			};
			name = Debug;
		};
		BB1CCC6A1C2480AC00186891 /* Release */ = {
			isa = XCBuildConfiguration;
			buildSettings = {
				ASSETCATALOG_COMPILER_APPICON_NAME = AppIcon;
				COMBINE_HIDPI_IMAGES = YES;
				DEFINES_MODULE = YES;
				FRAMEWORK_SEARCH_PATHS = (
					"$(inherited)",
					"$(PROJECT_DIR)/Myo",
					Reader/Frameworks,
				);
				INFOPLIST_FILE = "Myo Reader/Info.plist";
				LD_RUNPATH_SEARCH_PATHS = "$(inherited) @executable_path/../Frameworks";
				PRODUCT_BUNDLE_IDENTIFIER = "com.samuelhastings.Myo-Reader";
				PRODUCT_NAME = "$(TARGET_NAME)";
			};
			name = Release;
		};
/* End XCBuildConfiguration section */

/* Begin XCConfigurationList section */
		BB1CCC561C2480AC00186891 /* Build configuration list for PBXProject "Myo Reader" */ = {
			isa = XCConfigurationList;
			buildConfigurations = (
				BB1CCC661C2480AC00186891 /* Debug */,
				BB1CCC671C2480AC00186891 /* Release */,
			);
			defaultConfigurationIsVisible = 0;
			defaultConfigurationName = Release;
		};
		BB1CCC681C2480AC00186891 /* Build configuration list for PBXNativeTarget "Myo Reader" */ = {
			isa = XCConfigurationList;
			buildConfigurations = (
				BB1CCC691C2480AC00186891 /* Debug */,
				BB1CCC6A1C2480AC00186891 /* Release */,
			);
			defaultConfigurationIsVisible = 0;
			defaultConfigurationName = Release;
		};
/* End XCConfigurationList section */
	};
	rootObject = BB1CCC531C2480AC00186891 /* Project object */;
}
